// !$*UTF8*$!
{
	archiveVersion = 1;
	classes = {
	};
	objectVersion = 71;
	objects = {

/* Begin PBXBuildFile section */
		B13017000000000000000001 /* Web in Resources */ = {isa = PBXBuildFile; fileRef = B13017000000000000000002 /* Web */; };
		027D13269429464C93FEC487 /* BluetoothPrinterManager.swift in Sources */ = {isa = PBXBuildFile; fileRef = AC1540EF9CFF4C8BAFE4020A /* BluetoothPrinterManager.swift */; };
		3C36AC675644423788C097B1 /* pos.html in Resources */ = {isa = PBXBuildFile; fileRef = ACB1313C6C90492FAAEB667E /* pos.html */; };
		8A3609BED8B84C1582A06B6C /* PrilavokPOSApp.swift in Sources */ = {isa = PBXBuildFile; fileRef = 2B1EEC527F85450888BA48C5 /* PrilavokPOSApp.swift */; };
		9F4A7C2D8B3E41F0A6D9C125 /* Assets.xcassets in Resources */ = {isa = PBXBuildFile; fileRef = 6D2B8E4F1A9C43D7B5E6F012 /* Assets.xcassets */; };
		AA9100000000000000000001 /* network-printer.js in Resources */ = {isa = PBXBuildFile; fileRef = AA9100000000000000000002 /* network-printer.js */; };
/* End PBXBuildFile section */

/* Begin PBXFileReference section */
		B13017000000000000000002 /* Web */ = {isa = PBXFileReference; lastKnownFileType = folder; path = Web; sourceTree = "<group>"; };
		2B1EEC527F85450888BA48C5 /* PrilavokPOSApp.swift */ = {isa = PBXFileReference; lastKnownFileType = sourcecode.swift; path = PrilavokPOSApp.swift; sourceTree = "<group>"; };
		2D98DA3BD7084D81ABE2FE4F /* PrilavokPOS.app */ = {isa = PBXFileReference; explicitFileType = wrapper.application; includeInIndex = 0; path = PrilavokPOS.app; sourceTree = BUILT_PRODUCTS_DIR; };
		6D2B8E4F1A9C43D7B5E6F012 /* Assets.xcassets */ = {isa = PBXFileReference; lastKnownFileType = folder.assetcatalog; path = Assets.xcassets; sourceTree = "<group>"; };
		AC1540EF9CFF4C8BAFE4020A /* BluetoothPrinterManager.swift */ = {isa = PBXFileReference; lastKnownFileType = sourcecode.swift; path = BluetoothPrinterManager.swift; sourceTree = "<group>"; };
		ACB1313C6C90492FAAEB667E /* pos.html */ = {isa = PBXFileReference; lastKnownFileType = text.html; path = pos.html; sourceTree = "<group>"; };
		C8F9D29B23D44139A2644B9B /* Info.plist */ = {isa = PBXFileReference; lastKnownFileType = text.plist.xml; path = Info.plist; sourceTree = "<group>"; };
		AA9100000000000000000002 /* network-printer.js */ = {isa = PBXFileReference; lastKnownFileType = sourcecode.javascript; path = "network-printer.js"; sourceTree = "<group>"; };
/* End PBXFileReference section */

/* Begin PBXGroup section */
		039AFE25044C423DA293D60D /* Products */ = {
			isa = PBXGroup;
			children = (
				2D98DA3BD7084D81ABE2FE4F /* PrilavokPOS.app */,
			);
			name = Products;
			sourceTree = "<group>";
		};
		97C4E6E4589E4C09BC44E314 /* PrilavokPOS */ = {
			isa = PBXGroup;
			children = (
				2B1EEC527F85450888BA48C5 /* PrilavokPOSApp.swift */,
				AC1540EF9CFF4C8BAFE4020A /* BluetoothPrinterManager.swift */,
				ACB1313C6C90492FAAEB667E /* pos.html */,
				AA9100000000000000000002 /* network-printer.js */,
				B13017000000000000000002 /* Web */,
				C8F9D29B23D44139A2644B9B /* Info.plist */,
				6D2B8E4F1A9C43D7B5E6F012 /* Assets.xcassets */,
			);
			path = PrilavokPOS;
			sourceTree = "<group>";
		};
		D98346F6F0E641F9B5CDAD9D = {
			isa = PBXGroup;
			children = (
				97C4E6E4589E4C09BC44E314 /* PrilavokPOS */,
				039AFE25044C423DA293D60D /* Products */,
			);
			sourceTree = "<group>";
		};
/* End PBXGroup section */

/* Begin PBXNativeTarget section */
		225CDE2657F349E8A139AE0E /* PrilavokPOS */ = {
			isa = PBXNativeTarget;
			buildConfigurationList = 7FE1904DD5E04098A5E507AE /* Build configuration list for PBXNativeTarget "PrilavokPOS" */;
			buildPhases = (
				50780969CFE347FDA2DAEBA7 /* Sources */,
				E4F54C2BDCB64CED8D8F9F1A /* Resources */,
				B71F294EB0D74D908C3C69A1 /* Stamp POS Version */,
			);
			buildRules = (
			);
			dependencies = (
			);
			name = PrilavokPOS;
			productName = PrilavokPOS;
			productReference = 2D98DA3BD7084D81ABE2FE4F /* PrilavokPOS.app */;
			productType = "com.apple.product-type.application";
		};
/* End PBXNativeTarget section */

/* Begin PBXProject section */
		6E54A3E18C394E558B381FC4 /* Project object */ = {
			isa = PBXProject;
			attributes = {
				LastUpgradeCheck = 2600;
				TargetAttributes = {
					225CDE2657F349E8A139AE0E = {
						CreatedOnToolsVersion = 26.0;
					};
				};
			};
			buildConfigurationList = 4CAF380EEED44FB08D9F49E7 /* Build configuration list for PBXProject "PrilavokPOS" */;
			compatibilityVersion = "Xcode 16.0";
			developmentRegion = en;
			hasScannedForEncodings = 0;
			knownRegions = (
				en,
				Base,
			);
			mainGroup = D98346F6F0E641F9B5CDAD9D;
			productRefGroup = 039AFE25044C423DA293D60D /* Products */;
			projectDirPath = "";
			projectRoot = "";
			targets = (
				225CDE2657F349E8A139AE0E /* PrilavokPOS */,
			);
		};
/* End PBXProject section */

/* Begin PBXResourcesBuildPhase section */
		E4F54C2BDCB64CED8D8F9F1A /* Resources */ = {
			isa = PBXResourcesBuildPhase;
			buildActionMask = 2147483647;
			files = (
				3C36AC675644423788C097B1 /* pos.html in Resources */,
				AA9100000000000000000001 /* network-printer.js in Resources */,
				B13017000000000000000001 /* Web in Resources */,
				9F4A7C2D8B3E41F0A6D9C125 /* Assets.xcassets in Resources */,
			);
			runOnlyForDeploymentPostprocessing = 0;
		};
/* End PBXResourcesBuildPhase section */

/* Begin PBXShellScriptBuildPhase section */
		B71F294EB0D74D908C3C69A1 /* Stamp POS Version */ = {
			isa = PBXShellScriptBuildPhase;
			buildActionMask = 2147483647;
			files = (
			);
			inputPaths = (
			);
			name = "Stamp POS Version";
			outputPaths = (
			);
			runOnlyForDeploymentPostprocessing = 0;
			shellPath = /bin/sh;
			shellScript = "HTML_FILE=\"${TARGET_BUILD_DIR}/${UNLOCALIZED_RESOURCES_FOLDER_PATH}/pos.html\"\nif [ -f \"$HTML_FILE\" ]; then\n  /usr/bin/perl -0pi -e 's#<div style=\"font-size:15px;font-weight:800;margin-bottom:10px;\">Быстрые настройки</div>#<div style=\"display:flex;align-items:center;justify-content:space-between;gap:12px;margin-bottom:10px;\"><div style=\"font-size:15px;font-weight:800;\">Быстрые настройки</div><div style=\"font-size:12px;font-weight:700;color:var(--muted);white-space:nowrap;\">Версия $ENV{MARKETING_VERSION}</div></div>#' \"$HTML_FILE\"\n  if ! /usr/bin/grep -q 'network-printer.js' \"$HTML_FILE\"; then\n    /usr/bin/perl -0pi -e 's#</body>#<script src=\"network-printer.js\"></script></body>#' \"$HTML_FILE\"\n  fi\nfi\n";
		};
/* End PBXShellScriptBuildPhase section */

/* Begin PBXSourcesBuildPhase section */
		50780969CFE347FDA2DAEBA7 /* Sources */ = {
			isa = PBXSourcesBuildPhase;
			buildActionMask = 2147483647;
			files = (
				8A3609BED8B84C1582A06B6C /* PrilavokPOSApp.swift in Sources */,
				027D13269429464C93FEC487 /* BluetoothPrinterManager.swift in Sources */,
			);
			runOnlyForDeploymentPostprocessing = 0;
		};
/* End PBXSourcesBuildPhase section */

/* Begin XCBuildConfiguration section */
		786797C548FC4DFEB1FD9E49 /* Debug */ = {
			isa = XCBuildConfiguration;
			buildSettings = {
				ASSETCATALOG_COMPILER_APPICON_NAME = AppIcon;
				CODE_SIGN_STYLE = Automatic;
				CURRENT_PROJECT_VERSION = 1;
				DEVELOPMENT_TEAM = A942D7D3RD;
				ENABLE_USER_SCRIPT_SANDBOXING = NO;
				GENERATE_INFOPLIST_FILE = NO;
				INFOPLIST_FILE = PrilavokPOS/Info.plist;
				IPHONEOS_DEPLOYMENT_TARGET = 16.0;
				MARKETING_VERSION = 130.51;
				PRODUCT_BUNDLE_IDENTIFIER = com.prilavok.pos;
				PRODUCT_MODULE_NAME = PrilavokPOS;
				PRODUCT_NAME = PrilavokPOS;
				SDKROOT = iphoneos;
				SWIFT_VERSION = 5.0;
				TARGETED_DEVICE_FAMILY = 2;
			};
			name = Debug;
		};
		A05CC2546BA84B07A37972A2 /* Debug */ = {
			isa = XCBuildConfiguration;
			buildSettings = {
			};
			name = Debug;
		};
		DDC8B76DA009436BB9693318 /* Release */ = {
			isa = XCBuildConfiguration;
			buildSettings = {
				ASSETCATALOG_COMPILER_APPICON_NAME = AppIcon;
				CODE_SIGN_STYLE = Automatic;
				CURRENT_PROJECT_VERSION = 1;
				DEVELOPMENT_TEAM = A942D7D3RD;
				ENABLE_USER_SCRIPT_SANDBOXING = NO;
				GENERATE_INFOPLIST_FILE = NO;
				INFOPLIST_FILE = PrilavokPOS/Info.plist;
				IPHONEOS_DEPLOYMENT_TARGET = 16.0;
				MARKETING_VERSION = 130.51;
				PRODUCT_BUNDLE_IDENTIFIER = com.prilavok.pos;
				PRODUCT_MODULE_NAME = PrilavokPOS;
				PRODUCT_NAME = PrilavokPOS;
				SDKROOT = iphoneos;
				SWIFT_VERSION = 5.0;
				TARGETED_DEVICE_FAMILY = 2;
			};
			name = Release;
		};
		E34CC4E85A314C7FA2D64F1B /* Release */ = {
			isa = XCBuildConfiguration;
			buildSettings = {
			};
			name = Release;
		};
/* End XCBuildConfiguration section */

/* Begin XCConfigurationList section */
		4CAF380EEED44FB08D9F49E7 /* Build configuration list for PBXProject "PrilavokPOS" */ = {
			isa = XCConfigurationList;
			buildConfigurations = (
				A05CC2546BA84B07A37972A2 /* Debug */,
				E34CC4E85A314C7FA2D64F1B /* Release */,
			);
			defaultConfigurationIsVisible = 0;
			defaultConfigurationName = Release;
		};
		7FE1904DD5E04098A5E507AE /* Build configuration list for PBXNativeTarget "PrilavokPOS" */ = {
			isa = XCConfigurationList;
			buildConfigurations = (
				786797C548FC4DFEB1FD9E49 /* Debug */,
				DDC8B76DA009436BB9693318 /* Release */,
			);
			defaultConfigurationIsVisible = 0;
			defaultConfigurationName = Release;
		};
/* End XCConfigurationList section */
	};
	rootObject = 6E54A3E18C394E558B381FC4 /* Project object */;
}